
Microsoft Visual Studio Solution File, Format Version 12.00
# Visual Studio 15
VisualStudioVersion = 15.0.27130.2003
MinimumVisualStudioVersion = 10.0.40219.1
Project("{FAE04EC0-301F-11D3-BF4B-00C04F79EFBC}") = "GUI", "GUI\GUI.csproj", "{DE00485F-97F6-479D-A5D6-0879DCC10CB9}"
EndProject
Project("{FAE04EC0-301F-11D3-BF4B-00C04F79EFBC}") = "CentruDeTransfuzie", "CentruDeTransfuzie\CentruDeTransfuzie.csproj", "{83AA4644-FE3B-4904-AF3B-120DD520696B}"
EndProject
Project("{FAE04EC0-301F-11D3-BF4B-00C04F79EFBC}") = "Repository", "Repository2\Repository.csproj", "{914FFCE7-77AF-45F5-89B3-EA2C93E8832B}"
EndProject
Project("{FAE04EC0-301F-11D3-BF4B-00C04F79EFBC}") = "Service", "Service1\Service.csproj", "{6049F149-EFD4-41DD-A199-A2756750EE02}"
EndProject
Project("{FAE04EC0-301F-11D3-BF4B-00C04F79EFBC}") = "Medic", "Medic\Medic.csproj", "{97877415-ED7D-4412-85CB-1CCC260D0531}"
EndProject
Project("{FAE04EC0-301F-11D3-BF4B-00C04F79EFBC}") = "Donator", "Donator\Donator.csproj", "{DC49060F-315C-45A8-AA98-453DB2991E4F}"
EndProject
Project("{FAE04EC0-301F-11D3-BF4B-00C04F79EFBC}") = "CentruT", "CentruT\CentruT.csproj", "{538A7291-00A6-4DFF-81F0-D7DB1585AFA4}"
EndProject
Global
	GlobalSection(SolutionConfigurationPlatforms) = preSolution
		Debug|Any CPU = Debug|Any CPU
		Release|Any CPU = Release|Any CPU
	EndGlobalSection
	GlobalSection(ProjectConfigurationPlatforms) = postSolution
		{DE00485F-97F6-479D-A5D6-0879DCC10CB9}.Debug|Any CPU.ActiveCfg = Debug|Any CPU
		{DE00485F-97F6-479D-A5D6-0879DCC10CB9}.Debug|Any CPU.Build.0 = Debug|Any CPU
		{DE00485F-97F6-479D-A5D6-0879DCC10CB9}.Release|Any CPU.ActiveCfg = Release|Any CPU
		{DE00485F-97F6-479D-A5D6-0879DCC10CB9}.Release|Any CPU.Build.0 = Release|Any CPU
		{83AA4644-FE3B-4904-AF3B-120DD520696B}.Debug|Any CPU.ActiveCfg = Debug|Any CPU
		{83AA4644-FE3B-4904-AF3B-120DD520696B}.Debug|Any CPU.Build.0 = Debug|Any CPU
		{83AA4644-FE3B-4904-AF3B-120DD520696B}.Release|Any CPU.ActiveCfg = Release|Any CPU
		{83AA4644-FE3B-4904-AF3B-120DD520696B}.Release|Any CPU.Build.0 = Release|Any CPU
		{914FFCE7-77AF-45F5-89B3-EA2C93E8832B}.Debug|Any CPU.ActiveCfg = Debug|Any CPU
		{914FFCE7-77AF-45F5-89B3-EA2C93E8832B}.Debug|Any CPU.Build.0 = Debug|Any CPU
		{914FFCE7-77AF-45F5-89B3-EA2C93E8832B}.Release|Any CPU.ActiveCfg = Release|Any CPU
		{914FFCE7-77AF-45F5-89B3-EA2C93E8832B}.Release|Any CPU.Build.0 = Release|Any CPU
		{6049F149-EFD4-41DD-A199-A2756750EE02}.Debug|Any CPU.ActiveCfg = Debug|Any CPU
		{6049F149-EFD4-41DD-A199-A2756750EE02}.Debug|Any CPU.Build.0 = Debug|Any CPU
		{6049F149-EFD4-41DD-A199-A2756750EE02}.Release|Any CPU.ActiveCfg = Release|Any CPU
		{6049F149-EFD4-41DD-A199-A2756750EE02}.Release|Any CPU.Build.0 = Release|Any CPU
		{97877415-ED7D-4412-85CB-1CCC260D0531}.Debug|Any CPU.ActiveCfg = Debug|Any CPU
		{97877415-ED7D-4412-85CB-1CCC260D0531}.Debug|Any CPU.Build.0 = Debug|Any CPU
		{97877415-ED7D-4412-85CB-1CCC260D0531}.Release|Any CPU.ActiveCfg = Release|Any CPU
		{97877415-ED7D-4412-85CB-1CCC260D0531}.Release|Any CPU.Build.0 = Release|Any CPU
		{DC49060F-315C-45A8-AA98-453DB2991E4F}.Debug|Any CPU.ActiveCfg = Debug|Any CPU
		{DC49060F-315C-45A8-AA98-453DB2991E4F}.Debug|Any CPU.Build.0 = Debug|Any CPU
		{DC49060F-315C-45A8-AA98-453DB2991E4F}.Release|Any CPU.ActiveCfg = Release|Any CPU
		{DC49060F-315C-45A8-AA98-453DB2991E4F}.Release|Any CPU.Build.0 = Release|Any CPU
		{538A7291-00A6-4DFF-81F0-D7DB1585AFA4}.Debug|Any CPU.ActiveCfg = Debug|Any CPU
		{538A7291-00A6-4DFF-81F0-D7DB1585AFA4}.Debug|Any CPU.Build.0 = Debug|Any CPU
		{538A7291-00A6-4DFF-81F0-D7DB1585AFA4}.Release|Any CPU.ActiveCfg = Release|Any CPU
		{538A7291-00A6-4DFF-81F0-D7DB1585AFA4}.Release|Any CPU.Build.0 = Release|Any CPU
	EndGlobalSection
	GlobalSection(SolutionProperties) = preSolution
		HideSolutionNode = FALSE
	EndGlobalSection
	GlobalSection(ExtensibilityGlobals) = postSolution
		SolutionGuid = {0F36D67E-FA5E-43E5-BD3A-74BFE74923CA}
	EndGlobalSection
EndGlobal
